PODS:
  - SDWebImage (4.0.0):
    - SDWebImage/Core (= 4.0.0)
  - SDWebImage/Core (4.0.0)
  - SWXMLHash (3.0.4)

DEPENDENCIES:
  - SDWebImage (~> 4.0)
  - SWXMLHash (~> 3.0)

SPEC CHECKSUMS:
  SDWebImage: 76a6348bdc74eb5a55dd08a091ef298e56b55e41
  SWXMLHash: 29d20b84692fc319ea8ed933058fe7d8d005139b

PODFILE CHECKSUM: 50ea164bc653c42b47070556e1dd57b14928db0e

COCOAPODS: 1.1.1
